
Microsoft Visual Studio Solution File, Format Version 12.00
# Visual Studio 2012
Project("{FAE04EC0-301F-11D3-BF4B-00C04F79EFBC}") = "CharacterLibrary", "CharacterLibrary\CharacterLibrary.csproj", "{0011778F-0114-4698-AF94-DFAEA266B03D}"
EndProject
Project("{FAE04EC0-301F-11D3-BF4B-00C04F79EFBC}") = "CharacterCommand", "CharacterCommand\CharacterCommand.csproj", "{EAA532EE-D5A4-4A83-A73B-093B5D36481E}"
EndProject
Project("{FAE04EC0-301F-11D3-BF4B-00C04F79EFBC}") = "CharacterGUI", "CharacterGUI\CharacterGUI.csproj", "{F7545D12-EF22-4ED3-8C86-48B71FC5A929}"
EndProject
Global
	GlobalSection(SolutionConfigurationPlatforms) = preSolution
		Debug|Any CPU = Debug|Any CPU
		Release|Any CPU = Release|Any CPU
	EndGlobalSection
	GlobalSection(ProjectConfigurationPlatforms) = postSolution
		{0011778F-0114-4698-AF94-DFAEA266B03D}.Debug|Any CPU.ActiveCfg = Debug|Any CPU
		{0011778F-0114-4698-AF94-DFAEA266B03D}.Debug|Any CPU.Build.0 = Debug|Any CPU
		{0011778F-0114-4698-AF94-DFAEA266B03D}.Release|Any CPU.ActiveCfg = Release|Any CPU
		{0011778F-0114-4698-AF94-DFAEA266B03D}.Release|Any CPU.Build.0 = Release|Any CPU
		{EAA532EE-D5A4-4A83-A73B-093B5D36481E}.Debug|Any CPU.ActiveCfg = Debug|Any CPU
		{EAA532EE-D5A4-4A83-A73B-093B5D36481E}.Debug|Any CPU.Build.0 = Debug|Any CPU
		{EAA532EE-D5A4-4A83-A73B-093B5D36481E}.Release|Any CPU.ActiveCfg = Release|Any CPU
		{EAA532EE-D5A4-4A83-A73B-093B5D36481E}.Release|Any CPU.Build.0 = Release|Any CPU
		{F7545D12-EF22-4ED3-8C86-48B71FC5A929}.Debug|Any CPU.ActiveCfg = Debug|Any CPU
		{F7545D12-EF22-4ED3-8C86-48B71FC5A929}.Debug|Any CPU.Build.0 = Debug|Any CPU
		{F7545D12-EF22-4ED3-8C86-48B71FC5A929}.Release|Any CPU.ActiveCfg = Release|Any CPU
		{F7545D12-EF22-4ED3-8C86-48B71FC5A929}.Release|Any CPU.Build.0 = Release|Any CPU
	EndGlobalSection
EndGlobal
